{
  "version": 4,
  "terraform_version": "1.9.8",
  "serial": 6,
  "lineage": "00df85d8-90a5-930a-aabc-c4d7e06dd220",
  "outputs": {
    "ip_address": {
      "value": "178.128.208.144",
      "type": "string"
    }
  },
  "resources": [
    {
      "mode": "managed",
      "type": "digitalocean_droplet",
      "name": "server",
      "provider": "provider[\"registry.terraform.io/digitalocean/digitalocean\"]",
      "instances": [
        {
          "schema_version": 1,
          "attributes": {
            "backup_policy": [],
            "backups": false,
            "created_at": "2024-12-04T17:26:47Z",
            "disk": 25,
            "droplet_agent": null,
            "graceful_shutdown": false,
            "id": "461653894",
            "image": "ubuntu-22-04-x64",
            "ipv4_address": "178.128.208.144",
            "ipv4_address_private": "10.104.0.3",
            "ipv6": false,
            "ipv6_address": "",
            "locked": false,
            "memory": 1024,
            "monitoring": false,
            "name": "server",
            "price_hourly": 0.00893,
            "price_monthly": 6,
            "private_networking": true,
            "region": "sgp1",
            "resize_disk": true,
            "size": "s-1vcpu-1gb",
            "ssh_keys": null,
            "status": "active",
            "tags": null,
            "timeouts": null,
            "urn": "do:droplet:461653894",
            "user_data": null,
            "vcpus": 1,
            "volume_ids": [],
            "vpc_uuid": "7d59e66d-599a-430d-a1e2-855a8cb72f2e"
          },
          "sensitive_attributes": [],
          "private": "eyJlMmJmYjczMC1lY2FhLTExZTYtOGY4OC0zNDM2M2JjN2M0YzAiOnsiY3JlYXRlIjozNjAwMDAwMDAwMDAwLCJkZWxldGUiOjYwMDAwMDAwMDAwLCJ1cGRhdGUiOjM2MDAwMDAwMDAwMDB9LCJzY2hlbWFfdmVyc2lvbiI6IjEifQ=="
        }
      ]
    }
  ],
  "check_results": null
}
